{
  "version": 4,
  "terraform_version": "1.7.0",
  "serial": 16,
  "lineage": "65ab3f79-56c7-497b-5eda-ea54e35cb366",
  "outputs": {},
  "resources": [
    {
      "module": "module.gcp_bootstrap",
      "mode": "managed",
      "type": "google_folder",
      "name": "root",
      "provider": "provider[\"registry.opentofu.org/hashicorp/google\"]",
      "instances": [
        {
          "schema_version": 0,
          "attributes": {
            "create_time": "2024-05-11T11:03:46Z",
            "display_name": "dfi-labs",
            "folder_id": "764872200764",
            "id": "folders/764872200764",
            "lifecycle_state": "ACTIVE",
            "name": "folders/764872200764",
            "parent": "organizations/564950325795",
            "timeouts": null
          },
          "sensitive_attributes": [],
          "private": "eyJlMmJmYjczMC1lY2FhLTExZTYtOGY4OC0zNDM2M2JjN2M0YzAiOnsiY3JlYXRlIjoyNDAwMDAwMDAwMDAsImRlbGV0ZSI6MjQwMDAwMDAwMDAwLCJyZWFkIjoyNDAwMDAwMDAwMDAsInVwZGF0ZSI6MjQwMDAwMDAwMDAwfX0="
        }
      ]
    },
    {
      "module": "module.gcp_bootstrap",
      "mode": "managed",
      "type": "google_folder_iam_binding",
      "name": "root",
      "provider": "provider[\"registry.opentofu.org/hashicorp/google\"]",
      "instances": [
        {
          "index_key": "roles/editor",
          "schema_version": 0,
          "attributes": {
            "condition": [],
            "etag": "BwYYK6VoJ6Q=",
            "folder": "folders/764872200764",
            "id": "folders/764872200764/roles/editor",
            "members": [
              "serviceAccount:tf-control-sa@dfi-labs-control.iam.gserviceaccount.com"
            ],
            "role": "roles/editor"
          },
          "sensitive_attributes": [],
          "private": "bnVsbA==",
          "dependencies": [
            "module.gcp_bootstrap.google_folder.root",
            "module.gcp_bootstrap.google_project.control",
            "module.gcp_bootstrap.google_service_account.control"
          ]
        },
        {
          "index_key": "roles/resourcemanager.folderCreator",
          "schema_version": 0,
          "attributes": {
            "condition": [],
            "etag": "BwYYK6VoJ6Q=",
            "folder": "folders/764872200764",
            "id": "folders/764872200764/roles/resourcemanager.folderCreator",
            "members": [
              "serviceAccount:tf-control-sa@dfi-labs-control.iam.gserviceaccount.com"
            ],
            "role": "roles/resourcemanager.folderCreator"
          },
          "sensitive_attributes": [],
          "private": "bnVsbA==",
          "dependencies": [
            "module.gcp_bootstrap.google_folder.root",
            "module.gcp_bootstrap.google_project.control",
            "module.gcp_bootstrap.google_service_account.control"
          ]
        },
        {
          "index_key": "roles/resourcemanager.projectCreator",
          "schema_version": 0,
          "attributes": {
            "condition": [],
            "etag": "BwYYK6VoJ6Q=",
            "folder": "folders/764872200764",
            "id": "folders/764872200764/roles/resourcemanager.projectCreator",
            "members": [
              "serviceAccount:tf-control-sa@dfi-labs-control.iam.gserviceaccount.com"
            ],
            "role": "roles/resourcemanager.projectCreator"
          },
          "sensitive_attributes": [],
          "private": "bnVsbA==",
          "dependencies": [
            "module.gcp_bootstrap.google_folder.root",
            "module.gcp_bootstrap.google_project.control",
            "module.gcp_bootstrap.google_service_account.control"
          ]
        }
      ]
    },
    {
      "module": "module.gcp_bootstrap",
      "mode": "managed",
      "type": "google_organization_iam_binding",
      "name": "control",
      "provider": "provider[\"registry.opentofu.org/hashicorp/google\"]",
      "instances": [
        {
          "index_key": "roles/billing.user",
          "schema_version": 0,
          "attributes": {
            "condition": [],
            "etag": "BwYYOTFwIwE=",
            "id": "564950325795/roles/billing.user",
            "members": [
              "serviceAccount:tf-control-sa@dfi-labs-control.iam.gserviceaccount.com"
            ],
            "org_id": "564950325795",
            "role": "roles/billing.user"
          },
          "sensitive_attributes": [],
          "private": "bnVsbA==",
          "dependencies": [
            "module.gcp_bootstrap.google_folder.root",
            "module.gcp_bootstrap.google_project.control",
            "module.gcp_bootstrap.google_service_account.control"
          ]
        }
      ]
    },
    {
      "module": "module.gcp_bootstrap",
      "mode": "managed",
      "type": "google_project",
      "name": "control",
      "provider": "provider[\"registry.opentofu.org/hashicorp/google\"]",
      "instances": [
        {
          "schema_version": 1,
          "attributes": {
            "auto_create_network": true,
            "billing_account": "01F606-D04835-3532AB",
            "effective_labels": {},
            "folder_id": "764872200764",
            "id": "projects/dfi-labs-control",
            "labels": {},
            "name": "dfi-labs-control",
            "number": "142460905261",
            "org_id": "",
            "project_id": "dfi-labs-control",
            "skip_delete": null,
            "terraform_labels": {},
            "timeouts": null
          },
          "sensitive_attributes": [],
          "private": "eyJlMmJmYjczMC1lY2FhLTExZTYtOGY4OC0zNDM2M2JjN2M0YzAiOnsiY3JlYXRlIjo2MDAwMDAwMDAwMDAsImRlbGV0ZSI6NjAwMDAwMDAwMDAwLCJyZWFkIjo2MDAwMDAwMDAwMDAsInVwZGF0ZSI6NjAwMDAwMDAwMDAwfSwic2NoZW1hX3ZlcnNpb24iOiIxIn0=",
          "dependencies": [
            "module.gcp_bootstrap.google_folder.root"
          ]
        }
      ]
    },
    {
      "module": "module.gcp_bootstrap",
      "mode": "managed",
      "type": "google_project_iam_binding",
      "name": "control",
      "provider": "provider[\"registry.opentofu.org/hashicorp/google\"]",
      "instances": [
        {
          "index_key": "roles/owner",
          "schema_version": 0,
          "attributes": {
            "condition": [],
            "etag": "BwYYOTGamKY=",
            "id": "dfi-labs-control/roles/owner",
            "members": [
              "serviceAccount:tf-control-sa@dfi-labs-control.iam.gserviceaccount.com"
            ],
            "project": "dfi-labs-control",
            "role": "roles/owner"
          },
          "sensitive_attributes": [],
          "private": "bnVsbA==",
          "dependencies": [
            "module.gcp_bootstrap.google_folder.root",
            "module.gcp_bootstrap.google_project.control",
            "module.gcp_bootstrap.google_service_account.control"
          ]
        }
      ]
    },
    {
      "module": "module.gcp_bootstrap",
      "mode": "managed",
      "type": "google_project_service",
      "name": "default",
      "provider": "provider[\"registry.opentofu.org/hashicorp/google\"]",
      "instances": [
        {
          "index_key": "cloudbilling.googleapis.com",
          "schema_version": 0,
          "attributes": {
            "disable_dependent_services": true,
            "disable_on_destroy": true,
            "id": "dfi-labs-control/cloudbilling.googleapis.com",
            "project": "dfi-labs-control",
            "service": "cloudbilling.googleapis.com",
            "timeouts": null
          },
          "sensitive_attributes": [],
          "private": "eyJlMmJmYjczMC1lY2FhLTExZTYtOGY4OC0zNDM2M2JjN2M0YzAiOnsiY3JlYXRlIjoxMjAwMDAwMDAwMDAwLCJkZWxldGUiOjEyMDAwMDAwMDAwMDAsInJlYWQiOjYwMDAwMDAwMDAwMCwidXBkYXRlIjoxMjAwMDAwMDAwMDAwfX0=",
          "dependencies": [
            "module.gcp_bootstrap.google_folder.root",
            "module.gcp_bootstrap.google_project.control"
          ]
        },
        {
          "index_key": "cloudresourcemanager.googleapis.com",
          "schema_version": 0,
          "attributes": {
            "disable_dependent_services": true,
            "disable_on_destroy": true,
            "id": "dfi-labs-control/cloudresourcemanager.googleapis.com",
            "project": "dfi-labs-control",
            "service": "cloudresourcemanager.googleapis.com",
            "timeouts": null
          },
          "sensitive_attributes": [],
          "private": "eyJlMmJmYjczMC1lY2FhLTExZTYtOGY4OC0zNDM2M2JjN2M0YzAiOnsiY3JlYXRlIjoxMjAwMDAwMDAwMDAwLCJkZWxldGUiOjEyMDAwMDAwMDAwMDAsInJlYWQiOjYwMDAwMDAwMDAwMCwidXBkYXRlIjoxMjAwMDAwMDAwMDAwfX0=",
          "dependencies": [
            "module.gcp_bootstrap.google_folder.root",
            "module.gcp_bootstrap.google_project.control"
          ]
        },
        {
          "index_key": "serviceusage.googleapis.com",
          "schema_version": 0,
          "attributes": {
            "disable_dependent_services": true,
            "disable_on_destroy": true,
            "id": "dfi-labs-control/serviceusage.googleapis.com",
            "project": "dfi-labs-control",
            "service": "serviceusage.googleapis.com",
            "timeouts": null
          },
          "sensitive_attributes": [],
          "private": "eyJlMmJmYjczMC1lY2FhLTExZTYtOGY4OC0zNDM2M2JjN2M0YzAiOnsiY3JlYXRlIjoxMjAwMDAwMDAwMDAwLCJkZWxldGUiOjEyMDAwMDAwMDAwMDAsInJlYWQiOjYwMDAwMDAwMDAwMCwidXBkYXRlIjoxMjAwMDAwMDAwMDAwfX0=",
          "dependencies": [
            "module.gcp_bootstrap.google_folder.root",
            "module.gcp_bootstrap.google_project.control"
          ]
        }
      ]
    },
    {
      "module": "module.gcp_bootstrap",
      "mode": "managed",
      "type": "google_service_account",
      "name": "control",
      "provider": "provider[\"registry.opentofu.org/hashicorp/google\"]",
      "instances": [
        {
          "schema_version": 0,
          "attributes": {
            "account_id": "tf-control-sa",
            "create_ignore_already_exists": null,
            "description": "",
            "disabled": false,
            "display_name": "Terraform Control Service Account",
            "email": "tf-control-sa@dfi-labs-control.iam.gserviceaccount.com",
            "id": "projects/dfi-labs-control/serviceAccounts/tf-control-sa@dfi-labs-control.iam.gserviceaccount.com",
            "member": "serviceAccount:tf-control-sa@dfi-labs-control.iam.gserviceaccount.com",
            "name": "projects/dfi-labs-control/serviceAccounts/tf-control-sa@dfi-labs-control.iam.gserviceaccount.com",
            "project": "dfi-labs-control",
            "timeouts": null,
            "unique_id": "105945582139044609837"
          },
          "sensitive_attributes": [],
          "private": "eyJlMmJmYjczMC1lY2FhLTExZTYtOGY4OC0zNDM2M2JjN2M0YzAiOnsiY3JlYXRlIjozMDAwMDAwMDAwMDB9fQ==",
          "dependencies": [
            "module.gcp_bootstrap.google_folder.root",
            "module.gcp_bootstrap.google_project.control"
          ]
        }
      ]
    },
    {
      "module": "module.gcp_bootstrap",
      "mode": "managed",
      "type": "google_storage_bucket",
      "name": "control",
      "provider": "provider[\"registry.opentofu.org/hashicorp/google\"]",
      "instances": [
        {
          "schema_version": 1,
          "attributes": {
            "autoclass": [],
            "cors": [],
            "custom_placement_config": [],
            "default_event_based_hold": false,
            "effective_labels": {},
            "enable_object_retention": false,
            "encryption": [],
            "force_destroy": true,
            "id": "dfi-labs-control-state",
            "labels": {},
            "lifecycle_rule": [],
            "location": "ASIA",
            "logging": [],
            "name": "dfi-labs-control-state",
            "project": "dfi-labs-control",
            "project_number": 142460905261,
            "public_access_prevention": "inherited",
            "requester_pays": false,
            "retention_policy": [],
            "rpo": "DEFAULT",
            "self_link": "https://www.googleapis.com/storage/v1/b/dfi-labs-control-state",
            "soft_delete_policy": [
              {
                "effective_time": "2024-05-11T11:06:20.817Z",
                "retention_duration_seconds": 7776000
              }
            ],
            "storage_class": "STANDARD",
            "terraform_labels": {},
            "timeouts": null,
            "uniform_bucket_level_access": true,
            "url": "gs://dfi-labs-control-state",
            "versioning": [],
            "website": []
          },
          "sensitive_attributes": [],
          "private": "eyJlMmJmYjczMC1lY2FhLTExZTYtOGY4OC0zNDM2M2JjN2M0YzAiOnsiY3JlYXRlIjo2MDAwMDAwMDAwMDAsInJlYWQiOjI0MDAwMDAwMDAwMCwidXBkYXRlIjoyNDAwMDAwMDAwMDB9LCJzY2hlbWFfdmVyc2lvbiI6IjEifQ==",
          "dependencies": [
            "module.gcp_bootstrap.google_folder.root",
            "module.gcp_bootstrap.google_project.control"
          ]
        }
      ]
    }
  ],
  "check_results": null
}
